
Microsoft Visual Studio Solution File, Format Version 12.00
# Visual Studio Version 17
VisualStudioVersion = 17.9.34728.123
MinimumVisualStudioVersion = 10.0.40219.1
Project("{FAE04EC0-301F-11D3-BF4B-00C04F79EFBC}") = "MP3_WPF", "MP3_WPF\MP3_WPF.csproj", "{10B54D8D-6370-46E8-8F5A-655B64393EFF}"
EndProject
Global
	GlobalSection(SolutionConfigurationPlatforms) = preSolution
		Debug|Any CPU = Debug|Any CPU
		Release|Any CPU = Release|Any CPU
	EndGlobalSection
	GlobalSection(ProjectConfigurationPlatforms) = postSolution
		{10B54D8D-6370-46E8-8F5A-655B64393EFF}.Debug|Any CPU.ActiveCfg = Debug|Any CPU
		{10B54D8D-6370-46E8-8F5A-655B64393EFF}.Debug|Any CPU.Build.0 = Debug|Any CPU
		{10B54D8D-6370-46E8-8F5A-655B64393EFF}.Release|Any CPU.ActiveCfg = Release|Any CPU
		{10B54D8D-6370-46E8-8F5A-655B64393EFF}.Release|Any CPU.Build.0 = Release|Any CPU
	EndGlobalSection
	GlobalSection(SolutionProperties) = preSolution
		HideSolutionNode = FALSE
	EndGlobalSection
	GlobalSection(ExtensibilityGlobals) = postSolution
		SolutionGuid = {AF04D66E-ADE2-4949-9655-950A25D22F1B}
	EndGlobalSection
EndGlobal
